
Microsoft Visual Studio Solution File, Format Version 12.00
# Visual Studio Version 17
VisualStudioVersion = 17.4.33213.308
MinimumVisualStudioVersion = 10.0.40219.1
Project("{9A19103F-16F7-4668-BE54-9A1E7A4F7556}") = "frogWin", "work.darkstar.frogWin\frogWin.csproj", "{9E3D64AA-4F20-42EE-B9F5-921BED3FAA14}"
EndProject
Project("{E24C65DC-7377-472B-9ABA-BC803B73C61A}") = "frogweb", "..\frogweb\", "{041AEBC4-2807-4120-B762-5377AE02B0A6}"
	ProjectSection(WebsiteProperties) = preProject
		TargetFrameworkMoniker = ".NETFramework,Version%3Dv4.8"
		Debug.AspNetCompiler.VirtualPath = "/localhost_51864"
		Debug.AspNetCompiler.PhysicalPath = "..\frogweb\"
		Debug.AspNetCompiler.TargetPath = "PrecompiledWeb\localhost_51864\"
		Debug.AspNetCompiler.Updateable = "true"
		Debug.AspNetCompiler.ForceOverwrite = "true"
		Debug.AspNetCompiler.FixedNames = "false"
		Debug.AspNetCompiler.Debug = "True"
		Release.AspNetCompiler.VirtualPath = "/localhost_51864"
		Release.AspNetCompiler.PhysicalPath = "..\frogweb\"
		Release.AspNetCompiler.TargetPath = "PrecompiledWeb\localhost_51864\"
		Release.AspNetCompiler.Updateable = "true"
		Release.AspNetCompiler.ForceOverwrite = "true"
		Release.AspNetCompiler.FixedNames = "false"
		Release.AspNetCompiler.Debug = "False"
		VWDPort = "51864"
		SlnRelativePath = "..\frogweb\"
	EndProjectSection
EndProject
Global
	GlobalSection(SolutionConfigurationPlatforms) = preSolution
		Debug|Any CPU = Debug|Any CPU
		Release|Any CPU = Release|Any CPU
	EndGlobalSection
	GlobalSection(ProjectConfigurationPlatforms) = postSolution
		{9E3D64AA-4F20-42EE-B9F5-921BED3FAA14}.Debug|Any CPU.ActiveCfg = Debug|Any CPU
		{9E3D64AA-4F20-42EE-B9F5-921BED3FAA14}.Debug|Any CPU.Build.0 = Debug|Any CPU
		{9E3D64AA-4F20-42EE-B9F5-921BED3FAA14}.Release|Any CPU.ActiveCfg = Release|Any CPU
		{9E3D64AA-4F20-42EE-B9F5-921BED3FAA14}.Release|Any CPU.Build.0 = Release|Any CPU
		{041AEBC4-2807-4120-B762-5377AE02B0A6}.Debug|Any CPU.ActiveCfg = Debug|Any CPU
		{041AEBC4-2807-4120-B762-5377AE02B0A6}.Debug|Any CPU.Build.0 = Debug|Any CPU
		{041AEBC4-2807-4120-B762-5377AE02B0A6}.Release|Any CPU.ActiveCfg = Debug|Any CPU
		{041AEBC4-2807-4120-B762-5377AE02B0A6}.Release|Any CPU.Build.0 = Debug|Any CPU
	EndGlobalSection
	GlobalSection(SolutionProperties) = preSolution
		HideSolutionNode = FALSE
	EndGlobalSection
	GlobalSection(ExtensibilityGlobals) = postSolution
		SolutionGuid = {83EDB181-23E1-40F4-BBF0-83E6FC90970C}
	EndGlobalSection
EndGlobal
