
Microsoft Visual Studio Solution File, Format Version 12.00
# Visual Studio Version 17
VisualStudioVersion = 17.7.34221.43
MinimumVisualStudioVersion = 10.0.40219.1
Project("{E24C65DC-7377-472B-9ABA-BC803B73C61A}") = "froga", "froga\", "{F6A72488-928E-4D0D-9277-6821144D3732}"
	ProjectSection(WebsiteProperties) = preProject
		TargetFrameworkMoniker = ".NETFramework,Version%3Dv4.8"
		Debug.AspNetCompiler.VirtualPath = "/localhost_51915"
		Debug.AspNetCompiler.PhysicalPath = "froga\"
		Debug.AspNetCompiler.TargetPath = "PrecompiledWeb\localhost_51915\"
		Debug.AspNetCompiler.Updateable = "true"
		Debug.AspNetCompiler.ForceOverwrite = "true"
		Debug.AspNetCompiler.FixedNames = "false"
		Debug.AspNetCompiler.Debug = "True"
		Release.AspNetCompiler.VirtualPath = "/localhost_51915"
		Release.AspNetCompiler.PhysicalPath = "froga\"
		Release.AspNetCompiler.TargetPath = "PrecompiledWeb\localhost_51915\"
		Release.AspNetCompiler.Updateable = "true"
		Release.AspNetCompiler.ForceOverwrite = "true"
		Release.AspNetCompiler.FixedNames = "false"
		Release.AspNetCompiler.Debug = "False"
		VWDPort = "51915"
		SlnRelativePath = "froga\"
	EndProjectSection
EndProject
Global
	GlobalSection(SolutionConfigurationPlatforms) = preSolution
		Debug|Any CPU = Debug|Any CPU
	EndGlobalSection
	GlobalSection(ProjectConfigurationPlatforms) = postSolution
		{F6A72488-928E-4D0D-9277-6821144D3732}.Debug|Any CPU.ActiveCfg = Debug|Any CPU
		{F6A72488-928E-4D0D-9277-6821144D3732}.Debug|Any CPU.Build.0 = Debug|Any CPU
	EndGlobalSection
	GlobalSection(SolutionProperties) = preSolution
		HideSolutionNode = FALSE
	EndGlobalSection
	GlobalSection(ExtensibilityGlobals) = postSolution
		SolutionGuid = {BA0C04EA-E14D-4DDC-A87D-0B92A8E9BBB4}
	EndGlobalSection
EndGlobal
